
Microsoft Visual Studio Solution File, Format Version 12.00
# Visual Studio 15
VisualStudioVersion = 15.0.26124.0
MinimumVisualStudioVersion = 15.0.26124.0
Project("{FAE04EC0-301F-11D3-BF4B-00C04F79EFBC}") = "API", "API\API.csproj", "{64BC9021-4111-4ADE-89C0-F23DC97AD44B}"
EndProject
Project("{FAE04EC0-301F-11D3-BF4B-00C04F79EFBC}") = "Core", "Core\Core.csproj", "{6518AB6E-DAE8-42D4-901C-1D05F13A4322}"
EndProject
Project("{FAE04EC0-301F-11D3-BF4B-00C04F79EFBC}") = "Infrastructure", "Infrastructure\Infrastructure.csproj", "{A6D177E2-4F63-43A7-A0E1-ABBD1FE62422}"
EndProject
Global
	GlobalSection(SolutionConfigurationPlatforms) = preSolution
		Debug|Any CPU = Debug|Any CPU
		Debug|x64 = Debug|x64
		Debug|x86 = Debug|x86
		Release|Any CPU = Release|Any CPU
		Release|x64 = Release|x64
		Release|x86 = Release|x86
	EndGlobalSection
	GlobalSection(SolutionProperties) = preSolution
		HideSolutionNode = FALSE
	EndGlobalSection
	GlobalSection(ProjectConfigurationPlatforms) = postSolution
		{64BC9021-4111-4ADE-89C0-F23DC97AD44B}.Debug|Any CPU.ActiveCfg = Debug|Any CPU
		{64BC9021-4111-4ADE-89C0-F23DC97AD44B}.Debug|Any CPU.Build.0 = Debug|Any CPU
		{64BC9021-4111-4ADE-89C0-F23DC97AD44B}.Debug|x64.ActiveCfg = Debug|Any CPU
		{64BC9021-4111-4ADE-89C0-F23DC97AD44B}.Debug|x64.Build.0 = Debug|Any CPU
		{64BC9021-4111-4ADE-89C0-F23DC97AD44B}.Debug|x86.ActiveCfg = Debug|Any CPU
		{64BC9021-4111-4ADE-89C0-F23DC97AD44B}.Debug|x86.Build.0 = Debug|Any CPU
		{64BC9021-4111-4ADE-89C0-F23DC97AD44B}.Release|Any CPU.ActiveCfg = Release|Any CPU
		{64BC9021-4111-4ADE-89C0-F23DC97AD44B}.Release|Any CPU.Build.0 = Release|Any CPU
		{64BC9021-4111-4ADE-89C0-F23DC97AD44B}.Release|x64.ActiveCfg = Release|Any CPU
		{64BC9021-4111-4ADE-89C0-F23DC97AD44B}.Release|x64.Build.0 = Release|Any CPU
		{64BC9021-4111-4ADE-89C0-F23DC97AD44B}.Release|x86.ActiveCfg = Release|Any CPU
		{64BC9021-4111-4ADE-89C0-F23DC97AD44B}.Release|x86.Build.0 = Release|Any CPU
		{6518AB6E-DAE8-42D4-901C-1D05F13A4322}.Debug|Any CPU.ActiveCfg = Debug|Any CPU
		{6518AB6E-DAE8-42D4-901C-1D05F13A4322}.Debug|Any CPU.Build.0 = Debug|Any CPU
		{6518AB6E-DAE8-42D4-901C-1D05F13A4322}.Debug|x64.ActiveCfg = Debug|Any CPU
		{6518AB6E-DAE8-42D4-901C-1D05F13A4322}.Debug|x64.Build.0 = Debug|Any CPU
		{6518AB6E-DAE8-42D4-901C-1D05F13A4322}.Debug|x86.ActiveCfg = Debug|Any CPU
		{6518AB6E-DAE8-42D4-901C-1D05F13A4322}.Debug|x86.Build.0 = Debug|Any CPU
		{6518AB6E-DAE8-42D4-901C-1D05F13A4322}.Release|Any CPU.ActiveCfg = Release|Any CPU
		{6518AB6E-DAE8-42D4-901C-1D05F13A4322}.Release|Any CPU.Build.0 = Release|Any CPU
		{6518AB6E-DAE8-42D4-901C-1D05F13A4322}.Release|x64.ActiveCfg = Release|Any CPU
		{6518AB6E-DAE8-42D4-901C-1D05F13A4322}.Release|x64.Build.0 = Release|Any CPU
		{6518AB6E-DAE8-42D4-901C-1D05F13A4322}.Release|x86.ActiveCfg = Release|Any CPU
		{6518AB6E-DAE8-42D4-901C-1D05F13A4322}.Release|x86.Build.0 = Release|Any CPU
		{A6D177E2-4F63-43A7-A0E1-ABBD1FE62422}.Debug|Any CPU.ActiveCfg = Debug|Any CPU
		{A6D177E2-4F63-43A7-A0E1-ABBD1FE62422}.Debug|Any CPU.Build.0 = Debug|Any CPU
		{A6D177E2-4F63-43A7-A0E1-ABBD1FE62422}.Debug|x64.ActiveCfg = Debug|Any CPU
		{A6D177E2-4F63-43A7-A0E1-ABBD1FE62422}.Debug|x64.Build.0 = Debug|Any CPU
		{A6D177E2-4F63-43A7-A0E1-ABBD1FE62422}.Debug|x86.ActiveCfg = Debug|Any CPU
		{A6D177E2-4F63-43A7-A0E1-ABBD1FE62422}.Debug|x86.Build.0 = Debug|Any CPU
		{A6D177E2-4F63-43A7-A0E1-ABBD1FE62422}.Release|Any CPU.ActiveCfg = Release|Any CPU
		{A6D177E2-4F63-43A7-A0E1-ABBD1FE62422}.Release|Any CPU.Build.0 = Release|Any CPU
		{A6D177E2-4F63-43A7-A0E1-ABBD1FE62422}.Release|x64.ActiveCfg = Release|Any CPU
		{A6D177E2-4F63-43A7-A0E1-ABBD1FE62422}.Release|x64.Build.0 = Release|Any CPU
		{A6D177E2-4F63-43A7-A0E1-ABBD1FE62422}.Release|x86.ActiveCfg = Release|Any CPU
		{A6D177E2-4F63-43A7-A0E1-ABBD1FE62422}.Release|x86.Build.0 = Release|Any CPU
	EndGlobalSection
EndGlobal
